
Microsoft Visual Studio Solution File, Format Version 12.00
# Visual Studio 15
VisualStudioVersion = 15.0.28307.779
MinimumVisualStudioVersion = 10.0.40219.1
Project("{FAE04EC0-301F-11D3-BF4B-00C04F79EFBC}") = "Calcul", "Calcul\Calcul.csproj", "{5E4E4319-50DE-4986-86E1-47E81CC9B151}"
EndProject
Global
	GlobalSection(SolutionConfigurationPlatforms) = preSolution
		Debug|Any CPU = Debug|Any CPU
		Release|Any CPU = Release|Any CPU
	EndGlobalSection
	GlobalSection(ProjectConfigurationPlatforms) = postSolution
		{5E4E4319-50DE-4986-86E1-47E81CC9B151}.Debug|Any CPU.ActiveCfg = Debug|Any CPU
		{5E4E4319-50DE-4986-86E1-47E81CC9B151}.Debug|Any CPU.Build.0 = Debug|Any CPU
		{5E4E4319-50DE-4986-86E1-47E81CC9B151}.Release|Any CPU.ActiveCfg = Release|Any CPU
		{5E4E4319-50DE-4986-86E1-47E81CC9B151}.Release|Any CPU.Build.0 = Release|Any CPU
	EndGlobalSection
	GlobalSection(SolutionProperties) = preSolution
		HideSolutionNode = FALSE
	EndGlobalSection
	GlobalSection(ExtensibilityGlobals) = postSolution
		SolutionGuid = {3EAB32A8-81F5-43A8-9853-2ECE7A54C6A6}
	EndGlobalSection
EndGlobal
